
Microsoft Visual Studio Solution File, Format Version 12.00
# Visual Studio Version 17
VisualStudioVersion = 17.4.33205.214
MinimumVisualStudioVersion = 10.0.40219.1
Project("{FAE04EC0-301F-11D3-BF4B-00C04F79EFBC}") = "WojcikLab5", "WojcikLab5\WojcikLab5.csproj", "{9DE18EC2-3E66-4132-9FC8-1AA0263FA31B}"
EndProject
Project("{FAE04EC0-301F-11D3-BF4B-00C04F79EFBC}") = "TestsWojcikLab5", "TestsWojcikLab5\TestsWojcikLab5.csproj", "{829C3C34-A39D-4E56-9C4E-56437D15BF26}"
EndProject
Global
	GlobalSection(SolutionConfigurationPlatforms) = preSolution
		Debug|Any CPU = Debug|Any CPU
		Release|Any CPU = Release|Any CPU
	EndGlobalSection
	GlobalSection(ProjectConfigurationPlatforms) = postSolution
		{9DE18EC2-3E66-4132-9FC8-1AA0263FA31B}.Debug|Any CPU.ActiveCfg = Debug|Any CPU
		{9DE18EC2-3E66-4132-9FC8-1AA0263FA31B}.Debug|Any CPU.Build.0 = Debug|Any CPU
		{9DE18EC2-3E66-4132-9FC8-1AA0263FA31B}.Release|Any CPU.ActiveCfg = Release|Any CPU
		{9DE18EC2-3E66-4132-9FC8-1AA0263FA31B}.Release|Any CPU.Build.0 = Release|Any CPU
		{829C3C34-A39D-4E56-9C4E-56437D15BF26}.Debug|Any CPU.ActiveCfg = Debug|Any CPU
		{829C3C34-A39D-4E56-9C4E-56437D15BF26}.Debug|Any CPU.Build.0 = Debug|Any CPU
		{829C3C34-A39D-4E56-9C4E-56437D15BF26}.Release|Any CPU.ActiveCfg = Release|Any CPU
		{829C3C34-A39D-4E56-9C4E-56437D15BF26}.Release|Any CPU.Build.0 = Release|Any CPU
	EndGlobalSection
	GlobalSection(SolutionProperties) = preSolution
		HideSolutionNode = FALSE
	EndGlobalSection
	GlobalSection(ExtensibilityGlobals) = postSolution
		SolutionGuid = {F3A3BC5D-CFDC-4321-AEE6-6FE569757DFA}
	EndGlobalSection
EndGlobal
